
Microsoft Visual Studio Solution File, Format Version 12.00
# Visual Studio Version 16
VisualStudioVersion = 16.0.30002.166
MinimumVisualStudioVersion = 10.0.40219.1
Project("{FAE04EC0-301F-11D3-BF4B-00C04F79EFBC}") = "SelectVertexInput", "SelectVertexInput.csproj", "{B7975EDA-30C7-4385-A874-4F828D9C56BB}"
EndProject
Global
	GlobalSection(SolutionConfigurationPlatforms) = preSolution
		Debug|Any CPU = Debug|Any CPU
		Release|Any CPU = Release|Any CPU
	EndGlobalSection
	GlobalSection(ProjectConfigurationPlatforms) = postSolution
		{B7975EDA-30C7-4385-A874-4F828D9C56BB}.Debug|Any CPU.ActiveCfg = Debug|Any CPU
		{B7975EDA-30C7-4385-A874-4F828D9C56BB}.Debug|Any CPU.Build.0 = Debug|Any CPU
		{B7975EDA-30C7-4385-A874-4F828D9C56BB}.Release|Any CPU.ActiveCfg = Release|Any CPU
		{B7975EDA-30C7-4385-A874-4F828D9C56BB}.Release|Any CPU.Build.0 = Release|Any CPU
	EndGlobalSection
	GlobalSection(SolutionProperties) = preSolution
		HideSolutionNode = FALSE
	EndGlobalSection
	GlobalSection(ExtensibilityGlobals) = postSolution
		SolutionGuid = {0F0D9478-2FDF-47BF-813A-5E7BDD5B4321}
	EndGlobalSection
EndGlobal
